<?xml version="1.0" encoding="utf-8"?>
<Project ToolsVersion="4.0" xmlns="http://schemas.microsoft.com/developer/msbuild/2003">
  <ItemGroup>
    <Filter Include="include">
      <UniqueIdentifier>{89AF369E-F58E-B539-FEA6-40106A051C9B}</UniqueIdentifier>
    </Filter>
    <Filter Include="include\DYEngine">
      <UniqueIdentifier>{CB661CEE-B75F-3B40-E091-20C5CCE91A4C}</UniqueIdentifier>
    </Filter>
    <Filter Include="include\DYEngine\graphics">
      <UniqueIdentifier>{8B9FFE9A-F761-3225-4012-C1B1AC130B03}</UniqueIdentifier>
    </Filter>
    <Filter Include="include\DYEngine\math">
      <UniqueIdentifier>{A44EE3EA-10BB-9EE5-D9AE-364345DAC04D}</UniqueIdentifier>
    </Filter>
    <Filter Include="include\DYEngine\util">
      <UniqueIdentifier>{1801E8EA-846D-A3E5-4D61-3B43B98CC54D}</UniqueIdentifier>
    </Filter>
    <Filter Include="src">
      <UniqueIdentifier>{2DAB880B-99B4-887C-2230-9F7C8E38947C}</UniqueIdentifier>
    </Filter>
    <Filter Include="src\DYEngine">
      <UniqueIdentifier>{EFBA9DD9-DB1D-2D7E-84A3-653470E5F800}</UniqueIdentifier>
    </Filter>
  </ItemGroup>
  <ItemGroup>
    <ClInclude Include="include\DYEngine\Base.h">
      <Filter>include\DYEngine</Filter>
    </ClInclude>
    <ClInclude Include="include\DYEngine\Core.h">
      <Filter>include\DYEngine</Filter>
    </ClInclude>
    <ClInclude Include="include\DYEngine\Entity.h">
      <Filter>include\DYEngine</Filter>
    </ClInclude>
    <ClInclude Include="include\DYEngine\GameCore.h">
      <Filter>include\DYEngine</Filter>
    </ClInclude>
    <ClInclude Include="include\DYEngine\IApplication.h">
      <Filter>include\DYEngine</Filter>
    </ClInclude>
    <ClInclude Include="include\DYEngine\IComponent.h">
      <Filter>include\DYEngine</Filter>
    </ClInclude>
    <ClInclude Include="include\DYEngine\Main.h">
      <Filter>include\DYEngine</Filter>
    </ClInclude>
    <ClInclude Include="include\DYEngine\Resource.h">
      <Filter>include\DYEngine</Filter>
    </ClInclude>
    <ClInclude Include="include\DYEngine\Scene.h">
      <Filter>include\DYEngine</Filter>
    </ClInclude>
    <ClInclude Include="include\DYEngine\System.h">
      <Filter>include\DYEngine</Filter>
    </ClInclude>
    <ClInclude Include="include\DYEngine\Time.h">
      <Filter>include\DYEngine</Filter>
    </ClInclude>
    <ClInclude Include="include\DYEngine\graphics\Camera.h">
      <Filter>include\DYEngine\graphics</Filter>
    </ClInclude>
    <ClInclude Include="include\DYEngine\graphics\Image.h">
      <Filter>include\DYEngine\graphics</Filter>
    </ClInclude>
    <ClInclude Include="include\DYEngine\graphics\Material.h">
      <Filter>include\DYEngine\graphics</Filter>
    </ClInclude>
    <ClInclude Include="include\DYEngine\graphics\MaterialAttribute.h">
      <Filter>include\DYEngine\graphics</Filter>
    </ClInclude>
    <ClInclude Include="include\DYEngine\graphics\Mesh.h">
      <Filter>include\DYEngine\graphics</Filter>
    </ClInclude>
    <ClInclude Include="include\DYEngine\graphics\MeshRenderer.h">
      <Filter>include\DYEngine\graphics</Filter>
    </ClInclude>
    <ClInclude Include="include\DYEngine\graphics\OpenGL.h">
      <Filter>include\DYEngine\graphics</Filter>
    </ClInclude>
    <ClInclude Include="include\DYEngine\graphics\RenderUnit.h">
      <Filter>include\DYEngine\graphics</Filter>
    </ClInclude>
    <ClInclude Include="include\DYEngine\graphics\Renderer.h">
      <Filter>include\DYEngine\graphics</Filter>
    </ClInclude>
    <ClInclude Include="include\DYEngine\graphics\RendererSystem.h">
      <Filter>include\DYEngine\graphics</Filter>
    </ClInclude>
    <ClInclude Include="include\DYEngine\graphics\Shader.h">
      <Filter>include\DYEngine\graphics</Filter>
    </ClInclude>
    <ClInclude Include="include\DYEngine\graphics\SpriteRenderer.h">
      <Filter>include\DYEngine\graphics</Filter>
    </ClInclude>
    <ClInclude Include="include\DYEngine\graphics\Texture.h">
      <Filter>include\DYEngine\graphics</Filter>
    </ClInclude>
    <ClInclude Include="include\DYEngine\graphics\Uniform.h">
      <Filter>include\DYEngine\graphics</Filter>
    </ClInclude>
    <ClInclude Include="include\DYEngine\math\Math.h">
      <Filter>include\DYEngine\math</Filter>
    </ClInclude>
    <ClInclude Include="include\DYEngine\math\Rect.h">
      <Filter>include\DYEngine\math</Filter>
    </ClInclude>
    <ClInclude Include="include\DYEngine\math\Vector.h">
      <Filter>include\DYEngine\math</Filter>
    </ClInclude>
    <ClInclude Include="include\DYEngine\util\Debug.h">
      <Filter>include\DYEngine\util</Filter>
    </ClInclude>
    <ClInclude Include="include\DYEngine\util\Delegate.h">
      <Filter>include\DYEngine\util</Filter>
    </ClInclude>
    <ClInclude Include="include\DYEngine\util\Logger.h">
      <Filter>include\DYEngine\util</Filter>
    </ClInclude>
    <ClInclude Include="include\DYEngine\util\Macro.h">
      <Filter>include\DYEngine\util</Filter>
    </ClInclude>
  </ItemGroup>
  <ItemGroup>
    <ClCompile Include="src\DYEngine\Base.cpp">
      <Filter>src\DYEngine</Filter>
    </ClCompile>
    <ClCompile Include="src\DYEngine\Camera.cpp">
      <Filter>src\DYEngine</Filter>
    </ClCompile>
    <ClCompile Include="src\DYEngine\Delegate.cpp">
      <Filter>src\DYEngine</Filter>
    </ClCompile>
    <ClCompile Include="src\DYEngine\Entity.cpp">
      <Filter>src\DYEngine</Filter>
    </ClCompile>
    <ClCompile Include="src\DYEngine\GameCore.cpp">
      <Filter>src\DYEngine</Filter>
    </ClCompile>
    <ClCompile Include="src\DYEngine\IApplication.cpp">
      <Filter>src\DYEngine</Filter>
    </ClCompile>
    <ClCompile Include="src\DYEngine\IComponent.cpp">
      <Filter>src\DYEngine</Filter>
    </ClCompile>
    <ClCompile Include="src\DYEngine\Image.cpp">
      <Filter>src\DYEngine</Filter>
    </ClCompile>
    <ClCompile Include="src\DYEngine\Logger.cpp">
      <Filter>src\DYEngine</Filter>
    </ClCompile>
    <ClCompile Include="src\DYEngine\Material.cpp">
      <Filter>src\DYEngine</Filter>
    </ClCompile>
    <ClCompile Include="src\DYEngine\MaterialAttribute.cpp">
      <Filter>src\DYEngine</Filter>
    </ClCompile>
    <ClCompile Include="src\DYEngine\Math.cpp">
      <Filter>src\DYEngine</Filter>
    </ClCompile>
    <ClCompile Include="src\DYEngine\Mesh.cpp">
      <Filter>src\DYEngine</Filter>
    </ClCompile>
    <ClCompile Include="src\DYEngine\MeshRenderer.cpp">
      <Filter>src\DYEngine</Filter>
    </ClCompile>
    <ClCompile Include="src\DYEngine\OpenGL.cpp">
      <Filter>src\DYEngine</Filter>
    </ClCompile>
    <ClCompile Include="src\DYEngine\Rect.cpp">
      <Filter>src\DYEngine</Filter>
    </ClCompile>
    <ClCompile Include="src\DYEngine\RenderUnit.cpp">
      <Filter>src\DYEngine</Filter>
    </ClCompile>
    <ClCompile Include="src\DYEngine\Renderer.cpp">
      <Filter>src\DYEngine</Filter>
    </ClCompile>
    <ClCompile Include="src\DYEngine\RendererSystem.cpp">
      <Filter>src\DYEngine</Filter>
    </ClCompile>
    <ClCompile Include="src\DYEngine\Resource.cpp">
      <Filter>src\DYEngine</Filter>
    </ClCompile>
    <ClCompile Include="src\DYEngine\Scene.cpp">
      <Filter>src\DYEngine</Filter>
    </ClCompile>
    <ClCompile Include="src\DYEngine\Shader.cpp">
      <Filter>src\DYEngine</Filter>
    </ClCompile>
    <ClCompile Include="src\DYEngine\SpriteRenderer.cpp">
      <Filter>src\DYEngine</Filter>
    </ClCompile>
    <ClCompile Include="src\DYEngine\System.cpp">
      <Filter>src\DYEngine</Filter>
    </ClCompile>
    <ClCompile Include="src\DYEngine\Texture.cpp">
      <Filter>src\DYEngine</Filter>
    </ClCompile>
    <ClCompile Include="src\DYEngine\Time.cpp">
      <Filter>src\DYEngine</Filter>
    </ClCompile>
    <ClCompile Include="src\DYEngine\Uniform.cpp">
      <Filter>src\DYEngine</Filter>
    </ClCompile>
    <ClCompile Include="src\DYEngine\Vector.cpp">
      <Filter>src\DYEngine</Filter>
    </ClCompile>
  </ItemGroup>
</Project>