<?xml version="1.0" encoding="utf-8"?>
<Project ToolsVersion="4.0" xmlns="http://schemas.microsoft.com/developer/msbuild/2003">
  <ItemGroup>
    <Filter Include="Source Files">
      <UniqueIdentifier>{4FC737F1-C7A5-4376-A066-2A32D752A2FF}</UniqueIdentifier>
      <Extensions>cpp;c;cc;cxx;def;odl;idl;hpj;bat;asm;asmx</Extensions>
    </Filter>
    <Filter Include="Header Files">
      <UniqueIdentifier>{93995380-89BD-4b04-88EB-625FBE52EBFB}</UniqueIdentifier>
      <Extensions>h;hh;hpp;hxx;hm;inl;inc;xsd</Extensions>
    </Filter>
    <Filter Include="Resource Files">
      <UniqueIdentifier>{67DA6AB6-F800-4c08-8B7A-83BB121AAD01}</UniqueIdentifier>
      <Extensions>rc;ico;cur;bmp;dlg;rc2;rct;bin;rgs;gif;jpg;jpeg;jpe;resx;tiff;tif;png;wav;mfcribbon-ms</Extensions>
    </Filter>
    <Filter Include="Source Files\DYEngine">
      <UniqueIdentifier>{a2a65552-5e64-44cc-92d8-9fa3f7a880be}</UniqueIdentifier>
    </Filter>
    <Filter Include="Source Files\vendor">
      <UniqueIdentifier>{e1e3f895-5ba2-4405-a88d-1144a65bdcb7}</UniqueIdentifier>
    </Filter>
  </ItemGroup>
  <ItemGroup>
    <ClCompile Include="src\DYEngine\Application.cpp">
      <Filter>Source Files\DYEngine</Filter>
    </ClCompile>
    <ClCompile Include="src\DYEngine\Base.cpp">
      <Filter>Source Files\DYEngine</Filter>
    </ClCompile>
    <ClCompile Include="src\DYEngine\Camera.cpp">
      <Filter>Source Files\DYEngine</Filter>
    </ClCompile>
    <ClCompile Include="src\DYEngine\Delegate.cpp">
      <Filter>Source Files\DYEngine</Filter>
    </ClCompile>
    <ClCompile Include="src\DYEngine\Entity.cpp">
      <Filter>Source Files\DYEngine</Filter>
    </ClCompile>
    <ClCompile Include="src\DYEngine\GameCore.cpp">
      <Filter>Source Files\DYEngine</Filter>
    </ClCompile>
    <ClCompile Include="src\DYEngine\IComponent.cpp">
      <Filter>Source Files\DYEngine</Filter>
    </ClCompile>
    <ClCompile Include="src\DYEngine\Image.cpp">
      <Filter>Source Files\DYEngine</Filter>
    </ClCompile>
    <ClCompile Include="src\DYEngine\Logger.cpp">
      <Filter>Source Files\DYEngine</Filter>
    </ClCompile>
    <ClCompile Include="src\DYEngine\Material.cpp">
      <Filter>Source Files\DYEngine</Filter>
    </ClCompile>
    <ClCompile Include="src\DYEngine\MaterialAttribute.cpp">
      <Filter>Source Files\DYEngine</Filter>
    </ClCompile>
    <ClCompile Include="src\DYEngine\Math.cpp">
      <Filter>Source Files\DYEngine</Filter>
    </ClCompile>
    <ClCompile Include="src\DYEngine\Mesh.cpp">
      <Filter>Source Files\DYEngine</Filter>
    </ClCompile>
    <ClCompile Include="src\DYEngine\MeshRenderer.cpp">
      <Filter>Source Files\DYEngine</Filter>
    </ClCompile>
    <ClCompile Include="src\DYEngine\OpenGL.cpp">
      <Filter>Source Files\DYEngine</Filter>
    </ClCompile>
    <ClCompile Include="src\DYEngine\Rect.cpp">
      <Filter>Source Files\DYEngine</Filter>
    </ClCompile>
    <ClCompile Include="src\DYEngine\Renderer.cpp">
      <Filter>Source Files\DYEngine</Filter>
    </ClCompile>
    <ClCompile Include="src\DYEngine\RendererSystem.cpp">
      <Filter>Source Files\DYEngine</Filter>
    </ClCompile>
    <ClCompile Include="src\DYEngine\RenderUnit.cpp">
      <Filter>Source Files\DYEngine</Filter>
    </ClCompile>
    <ClCompile Include="src\DYEngine\Resource.cpp">
      <Filter>Source Files\DYEngine</Filter>
    </ClCompile>
    <ClCompile Include="src\DYEngine\Scene.cpp">
      <Filter>Source Files\DYEngine</Filter>
    </ClCompile>
    <ClCompile Include="src\DYEngine\Shader.cpp">
      <Filter>Source Files\DYEngine</Filter>
    </ClCompile>
    <ClCompile Include="src\DYEngine\SpriteRenderer.cpp">
      <Filter>Source Files\DYEngine</Filter>
    </ClCompile>
    <ClCompile Include="src\DYEngine\System.cpp">
      <Filter>Source Files\DYEngine</Filter>
    </ClCompile>
    <ClCompile Include="src\DYEngine\Texture.cpp">
      <Filter>Source Files\DYEngine</Filter>
    </ClCompile>
    <ClCompile Include="src\DYEngine\Time.cpp">
      <Filter>Source Files\DYEngine</Filter>
    </ClCompile>
    <ClCompile Include="src\DYEngine\Uniform.cpp">
      <Filter>Source Files\DYEngine</Filter>
    </ClCompile>
    <ClCompile Include="src\DYEngine\Vector.cpp">
      <Filter>Source Files\DYEngine</Filter>
    </ClCompile>
    <ClCompile Include="src\vendor\glad\glad.c">
      <Filter>Source Files\vendor</Filter>
    </ClCompile>
    <ClCompile Include="src\vendor\tinyxml2-5.0.1\tinyxml2.cpp">
      <Filter>Source Files\vendor</Filter>
    </ClCompile>
  </ItemGroup>
  <ItemGroup>
    <ClInclude Include="include\DYEngine\Base.h">
      <Filter>Header Files</Filter>
    </ClInclude>
    <ClInclude Include="include\DYEngine\Core.h">
      <Filter>Header Files</Filter>
    </ClInclude>
    <ClInclude Include="include\DYEngine\Entity.h">
      <Filter>Header Files</Filter>
    </ClInclude>
    <ClInclude Include="include\DYEngine\GameCore.h">
      <Filter>Header Files</Filter>
    </ClInclude>
    <ClInclude Include="include\DYEngine\Graphics.h">
      <Filter>Header Files</Filter>
    </ClInclude>
    <ClInclude Include="include\DYEngine\Interface.h">
      <Filter>Header Files</Filter>
    </ClInclude>
    <ClInclude Include="include\DYEngine\Main.h">
      <Filter>Header Files</Filter>
    </ClInclude>
    <ClInclude Include="include\DYEngine\Resource.h">
      <Filter>Header Files</Filter>
    </ClInclude>
    <ClInclude Include="include\DYEngine\Scene.h">
      <Filter>Header Files</Filter>
    </ClInclude>
    <ClInclude Include="include\DYEngine\System.h">
      <Filter>Header Files</Filter>
    </ClInclude>
    <ClInclude Include="include\DYEngine\Time.h">
      <Filter>Header Files</Filter>
    </ClInclude>
    <ClInclude Include="include\DYEngine\Utility.h">
      <Filter>Header Files</Filter>
    </ClInclude>
    <ClInclude Include="include\DYEngine\graphics\Camera.h">
      <Filter>Header Files</Filter>
    </ClInclude>
    <ClInclude Include="include\DYEngine\graphics\Image.h">
      <Filter>Header Files</Filter>
    </ClInclude>
    <ClInclude Include="include\DYEngine\graphics\Material.h">
      <Filter>Header Files</Filter>
    </ClInclude>
    <ClInclude Include="include\DYEngine\graphics\MaterialAttribute.h">
      <Filter>Header Files</Filter>
    </ClInclude>
    <ClInclude Include="include\DYEngine\graphics\Mesh.h">
      <Filter>Header Files</Filter>
    </ClInclude>
    <ClInclude Include="include\DYEngine\graphics\MeshRenderer.h">
      <Filter>Header Files</Filter>
    </ClInclude>
    <ClInclude Include="include\DYEngine\graphics\Renderer.h">
      <Filter>Header Files</Filter>
    </ClInclude>
    <ClInclude Include="include\DYEngine\graphics\RendererSystem.h">
      <Filter>Header Files</Filter>
    </ClInclude>
    <ClInclude Include="include\DYEngine\graphics\RenderUnit.h">
      <Filter>Header Files</Filter>
    </ClInclude>
    <ClInclude Include="include\DYEngine\graphics\Shader.h">
      <Filter>Header Files</Filter>
    </ClInclude>
    <ClInclude Include="include\DYEngine\graphics\SpriteRenderer.h">
      <Filter>Header Files</Filter>
    </ClInclude>
    <ClInclude Include="include\DYEngine\graphics\Texture.h">
      <Filter>Header Files</Filter>
    </ClInclude>
    <ClInclude Include="include\DYEngine\graphics\Uniform.h">
      <Filter>Header Files</Filter>
    </ClInclude>
    <ClInclude Include="include\DYEngine\interfaces\IApplication.h">
      <Filter>Header Files</Filter>
    </ClInclude>
    <ClInclude Include="include\DYEngine\interfaces\IComponent.h">
      <Filter>Header Files</Filter>
    </ClInclude>
    <ClInclude Include="include\DYEngine\utilities\Debug.h">
      <Filter>Header Files</Filter>
    </ClInclude>
    <ClInclude Include="include\DYEngine\utilities\Delegate.h">
      <Filter>Header Files</Filter>
    </ClInclude>
    <ClInclude Include="include\DYEngine\utilities\Logger.h">
      <Filter>Header Files</Filter>
    </ClInclude>
    <ClInclude Include="include\DYEngine\utilities\Macro.h">
      <Filter>Header Files</Filter>
    </ClInclude>
    <ClInclude Include="include\DYEngine\utilities\Math.h">
      <Filter>Header Files</Filter>
    </ClInclude>
    <ClInclude Include="include\DYEngine\utilities\OpenGL.h">
      <Filter>Header Files</Filter>
    </ClInclude>
    <ClInclude Include="include\DYEngine\utilities\Rect.h">
      <Filter>Header Files</Filter>
    </ClInclude>
    <ClInclude Include="include\DYEngine\utilities\Vector.h">
      <Filter>Header Files</Filter>
    </ClInclude>
    <ClInclude Include="include\DYEngine\utilities\XMLParser.h">
      <Filter>Header Files</Filter>
    </ClInclude>
  </ItemGroup>
</Project>